
Microsoft Visual Studio Solution File, Format Version 12.00
# Visual Studio 14
VisualStudioVersion = 14.0.25420.1
MinimumVisualStudioVersion = 10.0.40219.1
Project("{8BC9CEB8-8B4A-11D0-8D11-00A0C91BC942}") = "VirtualSnake", "VirtualSnake\VirtualSnake.vcxproj", "{A255296B-36D4-42C0-B1AC-AD51C0643DF2}"
EndProject
Project("{8BC9CEB8-8B4A-11D0-8D11-00A0C91BC942}") = "Server", "Server\Server.vcxproj", "{ACED2CB0-87B9-4076-9BDD-01FE9E0232A6}"
EndProject
Project("{8BC9CEB8-8B4A-11D0-8D11-00A0C91BC942}") = "DLL", "DLL\DLL.vcxproj", "{BAB07E88-2BEC-48C4-8777-A9CEBBA253F0}"
EndProject
Project("{8BC9CEB8-8B4A-11D0-8D11-00A0C91BC942}") = "GraphicalVirtualSnake", "GraphicalVirtualSnake\GraphicalVirtualSnake.vcxproj", "{A8C751B6-435C-4ED7-8630-66643EAE3EAE}"
EndProject
Global
	GlobalSection(SolutionConfigurationPlatforms) = preSolution
		Debug|x64 = Debug|x64
		Debug|x86 = Debug|x86
		Release|x64 = Release|x64
		Release|x86 = Release|x86
	EndGlobalSection
	GlobalSection(ProjectConfigurationPlatforms) = postSolution
		{A255296B-36D4-42C0-B1AC-AD51C0643DF2}.Debug|x64.ActiveCfg = Debug|x64
		{A255296B-36D4-42C0-B1AC-AD51C0643DF2}.Debug|x64.Build.0 = Debug|x64
		{A255296B-36D4-42C0-B1AC-AD51C0643DF2}.Debug|x86.ActiveCfg = Debug|Win32
		{A255296B-36D4-42C0-B1AC-AD51C0643DF2}.Debug|x86.Build.0 = Debug|Win32
		{A255296B-36D4-42C0-B1AC-AD51C0643DF2}.Release|x64.ActiveCfg = Release|x64
		{A255296B-36D4-42C0-B1AC-AD51C0643DF2}.Release|x64.Build.0 = Release|x64
		{A255296B-36D4-42C0-B1AC-AD51C0643DF2}.Release|x86.ActiveCfg = Release|Win32
		{A255296B-36D4-42C0-B1AC-AD51C0643DF2}.Release|x86.Build.0 = Release|Win32
		{ACED2CB0-87B9-4076-9BDD-01FE9E0232A6}.Debug|x64.ActiveCfg = Debug|x64
		{ACED2CB0-87B9-4076-9BDD-01FE9E0232A6}.Debug|x64.Build.0 = Debug|x64
		{ACED2CB0-87B9-4076-9BDD-01FE9E0232A6}.Debug|x86.ActiveCfg = Debug|Win32
		{ACED2CB0-87B9-4076-9BDD-01FE9E0232A6}.Debug|x86.Build.0 = Debug|Win32
		{ACED2CB0-87B9-4076-9BDD-01FE9E0232A6}.Release|x64.ActiveCfg = Release|x64
		{ACED2CB0-87B9-4076-9BDD-01FE9E0232A6}.Release|x64.Build.0 = Release|x64
		{ACED2CB0-87B9-4076-9BDD-01FE9E0232A6}.Release|x86.ActiveCfg = Release|Win32
		{ACED2CB0-87B9-4076-9BDD-01FE9E0232A6}.Release|x86.Build.0 = Release|Win32
		{BAB07E88-2BEC-48C4-8777-A9CEBBA253F0}.Debug|x64.ActiveCfg = Debug|x64
		{BAB07E88-2BEC-48C4-8777-A9CEBBA253F0}.Debug|x64.Build.0 = Debug|x64
		{BAB07E88-2BEC-48C4-8777-A9CEBBA253F0}.Debug|x86.ActiveCfg = Debug|Win32
		{BAB07E88-2BEC-48C4-8777-A9CEBBA253F0}.Debug|x86.Build.0 = Debug|Win32
		{BAB07E88-2BEC-48C4-8777-A9CEBBA253F0}.Release|x64.ActiveCfg = Release|x64
		{BAB07E88-2BEC-48C4-8777-A9CEBBA253F0}.Release|x64.Build.0 = Release|x64
		{BAB07E88-2BEC-48C4-8777-A9CEBBA253F0}.Release|x86.ActiveCfg = Release|Win32
		{BAB07E88-2BEC-48C4-8777-A9CEBBA253F0}.Release|x86.Build.0 = Release|Win32
		{A8C751B6-435C-4ED7-8630-66643EAE3EAE}.Debug|x64.ActiveCfg = Debug|x64
		{A8C751B6-435C-4ED7-8630-66643EAE3EAE}.Debug|x64.Build.0 = Debug|x64
		{A8C751B6-435C-4ED7-8630-66643EAE3EAE}.Debug|x86.ActiveCfg = Debug|Win32
		{A8C751B6-435C-4ED7-8630-66643EAE3EAE}.Debug|x86.Build.0 = Debug|Win32
		{A8C751B6-435C-4ED7-8630-66643EAE3EAE}.Release|x64.ActiveCfg = Release|x64
		{A8C751B6-435C-4ED7-8630-66643EAE3EAE}.Release|x64.Build.0 = Release|x64
		{A8C751B6-435C-4ED7-8630-66643EAE3EAE}.Release|x86.ActiveCfg = Release|Win32
		{A8C751B6-435C-4ED7-8630-66643EAE3EAE}.Release|x86.Build.0 = Release|Win32
	EndGlobalSection
	GlobalSection(SolutionProperties) = preSolution
		HideSolutionNode = FALSE
	EndGlobalSection
EndGlobal
